// !$*UTF8*$!
{
	archiveVersion = 1;
	classes = {
	};
	objectVersion = 48;
	objects = {

/* Begin PBXBuildFile section */
		12DEE273D380D480B2E4EAD3 /* libPods-GitHubDemo.a in Frameworks */ = {isa = PBXBuildFile; fileRef = 208C205D964459048E313779 /* libPods-GitHubDemo.a */; };
		7B07C66A206B304B00D7D036 /* AppDelegate.m in Sources */ = {isa = PBXBuildFile; fileRef = 7B07C669206B304B00D7D036 /* AppDelegate.m */; };
		7B07C66D206B304B00D7D036 /* ViewController.m in Sources */ = {isa = PBXBuildFile; fileRef = 7B07C66C206B304B00D7D036 /* ViewController.m */; };
		7B07C670206B304B00D7D036 /* Main.storyboard in Resources */ = {isa = PBXBuildFile; fileRef = 7B07C66E206B304B00D7D036 /* Main.storyboard */; };
		7B07C672206B304B00D7D036 /* Assets.xcassets in Resources */ = {isa = PBXBuildFile; fileRef = 7B07C671206B304B00D7D036 /* Assets.xcassets */; };
		7B07C675206B304B00D7D036 /* LaunchScreen.storyboard in Resources */ = {isa = PBXBuildFile; fileRef = 7B07C673206B304B00D7D036 /* LaunchScreen.storyboard */; };
		7B07C678206B304B00D7D036 /* main.m in Sources */ = {isa = PBXBuildFile; fileRef = 7B07C677206B304B00D7D036 /* main.m */; };
		7B07C682206B304B00D7D036 /* GitHubDemoTests.m in Sources */ = {isa = PBXBuildFile; fileRef = 7B07C681206B304B00D7D036 /* GitHubDemoTests.m */; };
		7B07C68D206B304B00D7D036 /* GitHubDemoUITests.m in Sources */ = {isa = PBXBuildFile; fileRef = 7B07C68C206B304B00D7D036 /* GitHubDemoUITests.m */; };
		7B07C6E0206B7D5700D7D036 /* HttpManager.m in Sources */ = {isa = PBXBuildFile; fileRef = 7B07C6DF206B7D5700D7D036 /* HttpManager.m */; };
		7B07C6E4206B891D00D7D036 /* CommonTool.m in Sources */ = {isa = PBXBuildFile; fileRef = 7B07C6E3206B891D00D7D036 /* CommonTool.m */; };
		7B07C6EE206B8C0700D7D036 /* GTMBase64.m in Sources */ = {isa = PBXBuildFile; fileRef = 7B07C6EA206B8C0700D7D036 /* GTMBase64.m */; };
		7B07C6EF206B8C0700D7D036 /* SecurityUtil.m in Sources */ = {isa = PBXBuildFile; fileRef = 7B07C6EB206B8C0700D7D036 /* SecurityUtil.m */; };
		7B07C6F0206B8C0700D7D036 /* NSData+AES.m in Sources */ = {isa = PBXBuildFile; fileRef = 7B07C6EC206B8C0700D7D036 /* NSData+AES.m */; };
		7B1442CE2073800E0049B534 /* appFunction.plist in Resources */ = {isa = PBXBuildFile; fileRef = 7B1442CD2073800E0049B534 /* appFunction.plist */; };
		7B55BEFE20722AD90033B797 /* LoginModel.m in Sources */ = {isa = PBXBuildFile; fileRef = 7B55BEFD20722AD90033B797 /* LoginModel.m */; };
		7B55BF0420722E590033B797 /* LoginViewController.m in Sources */ = {isa = PBXBuildFile; fileRef = 7B55BF0320722E590033B797 /* LoginViewController.m */; };
		7B55BF0820722F550033B797 /* LoginCellTableViewCell.m in Sources */ = {isa = PBXBuildFile; fileRef = 7B55BF0620722F550033B797 /* LoginCellTableViewCell.m */; };
		7B55BF0920722F550033B797 /* LoginCellTableViewCell.xib in Resources */ = {isa = PBXBuildFile; fileRef = 7B55BF0720722F550033B797 /* LoginCellTableViewCell.xib */; };
/* End PBXBuildFile section */

/* Begin PBXContainerItemProxy section */
		7B07C67E206B304B00D7D036 /* PBXContainerItemProxy */ = {
			isa = PBXContainerItemProxy;
			containerPortal = 7B07C65D206B304B00D7D036 /* Project object */;
			proxyType = 1;
			remoteGlobalIDString = 7B07C664206B304B00D7D036;
			remoteInfo = GitHubDemo;
		};
		7B07C689206B304B00D7D036 /* PBXContainerItemProxy */ = {
			isa = PBXContainerItemProxy;
			containerPortal = 7B07C65D206B304B00D7D036 /* Project object */;
			proxyType = 1;
			remoteGlobalIDString = 7B07C664206B304B00D7D036;
			remoteInfo = GitHubDemo;
		};
/* End PBXContainerItemProxy section */

/* Begin PBXFileReference section */
		208C205D964459048E313779 /* libPods-GitHubDemo.a */ = {isa = PBXFileReference; explicitFileType = archive.ar; includeInIndex = 0; path = "libPods-GitHubDemo.a"; sourceTree = BUILT_PRODUCTS_DIR; };
		46F4F7CD048DEDF69DB6064E /* Pods-GitHubDemo.release.xcconfig */ = {isa = PBXFileReference; includeInIndex = 1; lastKnownFileType = text.xcconfig; name = "Pods-GitHubDemo.release.xcconfig"; path = "Pods/Target Support Files/Pods-GitHubDemo/Pods-GitHubDemo.release.xcconfig"; sourceTree = "<group>"; };
		7B07C665206B304B00D7D036 /* GitHubDemo.app */ = {isa = PBXFileReference; explicitFileType = wrapper.application; includeInIndex = 0; path = GitHubDemo.app; sourceTree = BUILT_PRODUCTS_DIR; };
		7B07C668206B304B00D7D036 /* AppDelegate.h */ = {isa = PBXFileReference; lastKnownFileType = sourcecode.c.h; path = AppDelegate.h; sourceTree = "<group>"; };
		7B07C669206B304B00D7D036 /* AppDelegate.m */ = {isa = PBXFileReference; lastKnownFileType = sourcecode.c.objc; path = AppDelegate.m; sourceTree = "<group>"; };
		7B07C66B206B304B00D7D036 /* ViewController.h */ = {isa = PBXFileReference; lastKnownFileType = sourcecode.c.h; path = ViewController.h; sourceTree = "<group>"; };
		7B07C66C206B304B00D7D036 /* ViewController.m */ = {isa = PBXFileReference; lastKnownFileType = sourcecode.c.objc; path = ViewController.m; sourceTree = "<group>"; };
		7B07C66F206B304B00D7D036 /* Base */ = {isa = PBXFileReference; lastKnownFileType = file.storyboard; name = Base; path = Base.lproj/Main.storyboard; sourceTree = "<group>"; };
		7B07C671206B304B00D7D036 /* Assets.xcassets */ = {isa = PBXFileReference; lastKnownFileType = folder.assetcatalog; path = Assets.xcassets; sourceTree = "<group>"; };
		7B07C674206B304B00D7D036 /* Base */ = {isa = PBXFileReference; lastKnownFileType = file.storyboard; name = Base; path = Base.lproj/LaunchScreen.storyboard; sourceTree = "<group>"; };
		7B07C676206B304B00D7D036 /* Info.plist */ = {isa = PBXFileReference; lastKnownFileType = text.plist.xml; path = Info.plist; sourceTree = "<group>"; };
		7B07C677206B304B00D7D036 /* main.m */ = {isa = PBXFileReference; lastKnownFileType = sourcecode.c.objc; path = main.m; sourceTree = "<group>"; };
		7B07C67D206B304B00D7D036 /* GitHubDemoTests.xctest */ = {isa = PBXFileReference; explicitFileType = wrapper.cfbundle; includeInIndex = 0; path = GitHubDemoTests.xctest; sourceTree = BUILT_PRODUCTS_DIR; };
		7B07C681206B304B00D7D036 /* GitHubDemoTests.m */ = {isa = PBXFileReference; lastKnownFileType = sourcecode.c.objc; path = GitHubDemoTests.m; sourceTree = "<group>"; };
		7B07C683206B304B00D7D036 /* Info.plist */ = {isa = PBXFileReference; lastKnownFileType = text.plist.xml; path = Info.plist; sourceTree = "<group>"; };
		7B07C688206B304B00D7D036 /* GitHubDemoUITests.xctest */ = {isa = PBXFileReference; explicitFileType = wrapper.cfbundle; includeInIndex = 0; path = GitHubDemoUITests.xctest; sourceTree = BUILT_PRODUCTS_DIR; };
		7B07C68C206B304B00D7D036 /* GitHubDemoUITests.m */ = {isa = PBXFileReference; lastKnownFileType = sourcecode.c.objc; path = GitHubDemoUITests.m; sourceTree = "<group>"; };
		7B07C68E206B304B00D7D036 /* Info.plist */ = {isa = PBXFileReference; lastKnownFileType = text.plist.xml; path = Info.plist; sourceTree = "<group>"; };
		7B07C6DE206B7D5700D7D036 /* HttpManager.h */ = {isa = PBXFileReference; lastKnownFileType = sourcecode.c.h; path = HttpManager.h; sourceTree = "<group>"; };
		7B07C6DF206B7D5700D7D036 /* HttpManager.m */ = {isa = PBXFileReference; lastKnownFileType = sourcecode.c.objc; path = HttpManager.m; sourceTree = "<group>"; };
		7B07C6E2206B891D00D7D036 /* CommonTool.h */ = {isa = PBXFileReference; lastKnownFileType = sourcecode.c.h; path = CommonTool.h; sourceTree = "<group>"; };
		7B07C6E3206B891D00D7D036 /* CommonTool.m */ = {isa = PBXFileReference; lastKnownFileType = sourcecode.c.objc; path = CommonTool.m; sourceTree = "<group>"; };
		7B07C6E6206B8C0700D7D036 /* NSData+AES.h */ = {isa = PBXFileReference; fileEncoding = 4; lastKnownFileType = sourcecode.c.h; path = "NSData+AES.h"; sourceTree = "<group>"; };
		7B07C6E8206B8C0700D7D036 /* GTMBase64.h */ = {isa = PBXFileReference; fileEncoding = 4; lastKnownFileType = sourcecode.c.h; path = GTMBase64.h; sourceTree = "<group>"; };
		7B07C6E9206B8C0700D7D036 /* GTMDefines.h */ = {isa = PBXFileReference; fileEncoding = 4; lastKnownFileType = sourcecode.c.h; path = GTMDefines.h; sourceTree = "<group>"; };
		7B07C6EA206B8C0700D7D036 /* GTMBase64.m */ = {isa = PBXFileReference; fileEncoding = 4; lastKnownFileType = sourcecode.c.objc; path = GTMBase64.m; sourceTree = "<group>"; };
		7B07C6EB206B8C0700D7D036 /* SecurityUtil.m */ = {isa = PBXFileReference; fileEncoding = 4; lastKnownFileType = sourcecode.c.objc; path = SecurityUtil.m; sourceTree = "<group>"; };
		7B07C6EC206B8C0700D7D036 /* NSData+AES.m */ = {isa = PBXFileReference; fileEncoding = 4; lastKnownFileType = sourcecode.c.objc; path = "NSData+AES.m"; sourceTree = "<group>"; };
		7B07C6ED206B8C0700D7D036 /* SecurityUtil.h */ = {isa = PBXFileReference; fileEncoding = 4; lastKnownFileType = sourcecode.c.h; path = SecurityUtil.h; sourceTree = "<group>"; };
		7B07C6F1206B937A00D7D036 /* searchAll.pch */ = {isa = PBXFileReference; lastKnownFileType = sourcecode.c.h; path = searchAll.pch; sourceTree = "<group>"; };
		7B1442CD2073800E0049B534 /* appFunction.plist */ = {isa = PBXFileReference; lastKnownFileType = text.plist.xml; path = appFunction.plist; sourceTree = "<group>"; };
		7B55BEFC20722AD90033B797 /* LoginModel.h */ = {isa = PBXFileReference; lastKnownFileType = sourcecode.c.h; path = LoginModel.h; sourceTree = "<group>"; };
		7B55BEFD20722AD90033B797 /* LoginModel.m */ = {isa = PBXFileReference; lastKnownFileType = sourcecode.c.objc; path = LoginModel.m; sourceTree = "<group>"; };
		7B55BF0220722E580033B797 /* LoginViewController.h */ = {isa = PBXFileReference; lastKnownFileType = sourcecode.c.h; path = LoginViewController.h; sourceTree = "<group>"; };
		7B55BF0320722E590033B797 /* LoginViewController.m */ = {isa = PBXFileReference; lastKnownFileType = sourcecode.c.objc; path = LoginViewController.m; sourceTree = "<group>"; };
		7B55BF0520722F550033B797 /* LoginCellTableViewCell.h */ = {isa = PBXFileReference; lastKnownFileType = sourcecode.c.h; path = LoginCellTableViewCell.h; sourceTree = "<group>"; };
		7B55BF0620722F550033B797 /* LoginCellTableViewCell.m */ = {isa = PBXFileReference; lastKnownFileType = sourcecode.c.objc; path = LoginCellTableViewCell.m; sourceTree = "<group>"; };
		7B55BF0720722F550033B797 /* LoginCellTableViewCell.xib */ = {isa = PBXFileReference; lastKnownFileType = file.xib; path = LoginCellTableViewCell.xib; sourceTree = "<group>"; };
		D99F296727C21F973281A88C /* Pods-GitHubDemo.debug.xcconfig */ = {isa = PBXFileReference; includeInIndex = 1; lastKnownFileType = text.xcconfig; name = "Pods-GitHubDemo.debug.xcconfig"; path = "Pods/Target Support Files/Pods-GitHubDemo/Pods-GitHubDemo.debug.xcconfig"; sourceTree = "<group>"; };
/* End PBXFileReference section */

/* Begin PBXFrameworksBuildPhase section */
		7B07C662206B304B00D7D036 /* Frameworks */ = {
			isa = PBXFrameworksBuildPhase;
			buildActionMask = 2147483647;
			files = (
				12DEE273D380D480B2E4EAD3 /* libPods-GitHubDemo.a in Frameworks */,
			);
			runOnlyForDeploymentPostprocessing = 0;
		};
		7B07C67A206B304B00D7D036 /* Frameworks */ = {
			isa = PBXFrameworksBuildPhase;
			buildActionMask = 2147483647;
			files = (
			);
			runOnlyForDeploymentPostprocessing = 0;
		};
		7B07C685206B304B00D7D036 /* Frameworks */ = {
			isa = PBXFrameworksBuildPhase;
			buildActionMask = 2147483647;
			files = (
			);
			runOnlyForDeploymentPostprocessing = 0;
		};
/* End PBXFrameworksBuildPhase section */

/* Begin PBXGroup section */
		7B07C65C206B304B00D7D036 = {
			isa = PBXGroup;
			children = (
				7B07C667206B304B00D7D036 /* GitHubDemo */,
				7B07C680206B304B00D7D036 /* GitHubDemoTests */,
				7B07C68B206B304B00D7D036 /* GitHubDemoUITests */,
				7B07C666206B304B00D7D036 /* Products */,
				B44D8CD2417C85DD57989740 /* Pods */,
				81AA4934E81F7660F749ACD2 /* Frameworks */,
			);
			sourceTree = "<group>";
		};
		7B07C666206B304B00D7D036 /* Products */ = {
			isa = PBXGroup;
			children = (
				7B07C665206B304B00D7D036 /* GitHubDemo.app */,
				7B07C67D206B304B00D7D036 /* GitHubDemoTests.xctest */,
				7B07C688206B304B00D7D036 /* GitHubDemoUITests.xctest */,
			);
			name = Products;
			sourceTree = "<group>";
		};
		7B07C667206B304B00D7D036 /* GitHubDemo */ = {
			isa = PBXGroup;
			children = (
				7B07C668206B304B00D7D036 /* AppDelegate.h */,
				7B07C669206B304B00D7D036 /* AppDelegate.m */,
				7B07C66B206B304B00D7D036 /* ViewController.h */,
				7B07C66C206B304B00D7D036 /* ViewController.m */,
				7B07C6F1206B937A00D7D036 /* searchAll.pch */,
				7B55BEF820722AB90033B797 /* LoginViewController_登录 */,
				7B07C6E5206B8C0700D7D036 /* AES */,
				7B07C6E1206B88FC00D7D036 /* ToolClass */,
				7B07C6DD206B7D3000D7D036 /* HttpManager */,
				7B07C66E206B304B00D7D036 /* Main.storyboard */,
				7B07C671206B304B00D7D036 /* Assets.xcassets */,
				7B07C673206B304B00D7D036 /* LaunchScreen.storyboard */,
				7B07C676206B304B00D7D036 /* Info.plist */,
				7B1442CD2073800E0049B534 /* appFunction.plist */,
				7B07C677206B304B00D7D036 /* main.m */,
			);
			path = GitHubDemo;
			sourceTree = "<group>";
		};
		7B07C680206B304B00D7D036 /* GitHubDemoTests */ = {
			isa = PBXGroup;
			children = (
				7B07C681206B304B00D7D036 /* GitHubDemoTests.m */,
				7B07C683206B304B00D7D036 /* Info.plist */,
			);
			path = GitHubDemoTests;
			sourceTree = "<group>";
		};
		7B07C68B206B304B00D7D036 /* GitHubDemoUITests */ = {
			isa = PBXGroup;
			children = (
				7B07C68C206B304B00D7D036 /* GitHubDemoUITests.m */,
				7B07C68E206B304B00D7D036 /* Info.plist */,
			);
			path = GitHubDemoUITests;
			sourceTree = "<group>";
		};
		7B07C6DD206B7D3000D7D036 /* HttpManager */ = {
			isa = PBXGroup;
			children = (
				7B07C6DE206B7D5700D7D036 /* HttpManager.h */,
				7B07C6DF206B7D5700D7D036 /* HttpManager.m */,
			);
			path = HttpManager;
			sourceTree = "<group>";
		};
		7B07C6E1206B88FC00D7D036 /* ToolClass */ = {
			isa = PBXGroup;
			children = (
				7B07C6E2206B891D00D7D036 /* CommonTool.h */,
				7B07C6E3206B891D00D7D036 /* CommonTool.m */,
			);
			path = ToolClass;
			sourceTree = "<group>";
		};
		7B07C6E5206B8C0700D7D036 /* AES */ = {
			isa = PBXGroup;
			children = (
				7B07C6E6206B8C0700D7D036 /* NSData+AES.h */,
				7B07C6E7206B8C0700D7D036 /* GTMBase64 */,
				7B07C6EB206B8C0700D7D036 /* SecurityUtil.m */,
				7B07C6EC206B8C0700D7D036 /* NSData+AES.m */,
				7B07C6ED206B8C0700D7D036 /* SecurityUtil.h */,
			);
			path = AES;
			sourceTree = "<group>";
		};
		7B07C6E7206B8C0700D7D036 /* GTMBase64 */ = {
			isa = PBXGroup;
			children = (
				7B07C6E8206B8C0700D7D036 /* GTMBase64.h */,
				7B07C6E9206B8C0700D7D036 /* GTMDefines.h */,
				7B07C6EA206B8C0700D7D036 /* GTMBase64.m */,
			);
			path = GTMBase64;
			sourceTree = "<group>";
		};
		7B55BEF820722AB90033B797 /* LoginViewController_登录 */ = {
			isa = PBXGroup;
			children = (
				7B55BF0A20722FD60033B797 /* NetWork */,
				7B55BEF920722AB90033B797 /* LoginModel */,
				7B55BEFA20722AB90033B797 /* LoginView */,
				7B55BEFB20722AB90033B797 /* LoginViewController */,
			);
			path = "LoginViewController_登录";
			sourceTree = "<group>";
		};
		7B55BEF920722AB90033B797 /* LoginModel */ = {
			isa = PBXGroup;
			children = (
				7B55BEFC20722AD90033B797 /* LoginModel.h */,
				7B55BEFD20722AD90033B797 /* LoginModel.m */,
			);
			path = LoginModel;
			sourceTree = "<group>";
		};
		7B55BEFA20722AB90033B797 /* LoginView */ = {
			isa = PBXGroup;
			children = (
				7B55BF0520722F550033B797 /* LoginCellTableViewCell.h */,
				7B55BF0620722F550033B797 /* LoginCellTableViewCell.m */,
				7B55BF0720722F550033B797 /* LoginCellTableViewCell.xib */,
			);
			path = LoginView;
			sourceTree = "<group>";
		};
		7B55BEFB20722AB90033B797 /* LoginViewController */ = {
			isa = PBXGroup;
			children = (
				7B55BF0220722E580033B797 /* LoginViewController.h */,
				7B55BF0320722E590033B797 /* LoginViewController.m */,
			);
			path = LoginViewController;
			sourceTree = "<group>";
		};
		7B55BF0A20722FD60033B797 /* NetWork */ = {
			isa = PBXGroup;
			children = (
			);
			name = NetWork;
			path = "GitHubDemo/LoginViewController_登录/NetWork";
			sourceTree = SOURCE_ROOT;
		};
		81AA4934E81F7660F749ACD2 /* Frameworks */ = {
			isa = PBXGroup;
			children = (
				208C205D964459048E313779 /* libPods-GitHubDemo.a */,
			);
			name = Frameworks;
			sourceTree = "<group>";
		};
		B44D8CD2417C85DD57989740 /* Pods */ = {
			isa = PBXGroup;
			children = (
				D99F296727C21F973281A88C /* Pods-GitHubDemo.debug.xcconfig */,
				46F4F7CD048DEDF69DB6064E /* Pods-GitHubDemo.release.xcconfig */,
			);
			name = Pods;
			sourceTree = "<group>";
		};
/* End PBXGroup section */

/* Begin PBXNativeTarget section */
		7B07C664206B304B00D7D036 /* GitHubDemo */ = {
			isa = PBXNativeTarget;
			buildConfigurationList = 7B07C691206B304B00D7D036 /* Build configuration list for PBXNativeTarget "GitHubDemo" */;
			buildPhases = (
				76BC7BF65930C282728B0892 /* [CP] Check Pods Manifest.lock */,
				7B07C661206B304B00D7D036 /* Sources */,
				7B07C662206B304B00D7D036 /* Frameworks */,
				7B07C663206B304B00D7D036 /* Resources */,
				DF2679F625F99EAA6C548AA2 /* [CP] Embed Pods Frameworks */,
				E4AFE5A2EE5B7F366969852E /* [CP] Copy Pods Resources */,
			);
			buildRules = (
			);
			dependencies = (
			);
			name = GitHubDemo;
			productName = GitHubDemo;
			productReference = 7B07C665206B304B00D7D036 /* GitHubDemo.app */;
			productType = "com.apple.product-type.application";
		};
		7B07C67C206B304B00D7D036 /* GitHubDemoTests */ = {
			isa = PBXNativeTarget;
			buildConfigurationList = 7B07C694206B304B00D7D036 /* Build configuration list for PBXNativeTarget "GitHubDemoTests" */;
			buildPhases = (
				7B07C679206B304B00D7D036 /* Sources */,
				7B07C67A206B304B00D7D036 /* Frameworks */,
				7B07C67B206B304B00D7D036 /* Resources */,
			);
			buildRules = (
			);
			dependencies = (
				7B07C67F206B304B00D7D036 /* PBXTargetDependency */,
			);
			name = GitHubDemoTests;
			productName = GitHubDemoTests;
			productReference = 7B07C67D206B304B00D7D036 /* GitHubDemoTests.xctest */;
			productType = "com.apple.product-type.bundle.unit-test";
		};
		7B07C687206B304B00D7D036 /* GitHubDemoUITests */ = {
			isa = PBXNativeTarget;
			buildConfigurationList = 7B07C697206B304B00D7D036 /* Build configuration list for PBXNativeTarget "GitHubDemoUITests" */;
			buildPhases = (
				7B07C684206B304B00D7D036 /* Sources */,
				7B07C685206B304B00D7D036 /* Frameworks */,
				7B07C686206B304B00D7D036 /* Resources */,
			);
			buildRules = (
			);
			dependencies = (
				7B07C68A206B304B00D7D036 /* PBXTargetDependency */,
			);
			name = GitHubDemoUITests;
			productName = GitHubDemoUITests;
			productReference = 7B07C688206B304B00D7D036 /* GitHubDemoUITests.xctest */;
			productType = "com.apple.product-type.bundle.ui-testing";
		};
/* End PBXNativeTarget section */

/* Begin PBXProject section */
		7B07C65D206B304B00D7D036 /* Project object */ = {
			isa = PBXProject;
			attributes = {
				LastUpgradeCheck = 0920;
				ORGANIZATIONNAME = zrq;
				TargetAttributes = {
					7B07C664206B304B00D7D036 = {
						CreatedOnToolsVersion = 9.2;
						ProvisioningStyle = Automatic;
					};
					7B07C67C206B304B00D7D036 = {
						CreatedOnToolsVersion = 9.2;
						ProvisioningStyle = Automatic;
						TestTargetID = 7B07C664206B304B00D7D036;
					};
					7B07C687206B304B00D7D036 = {
						CreatedOnToolsVersion = 9.2;
						ProvisioningStyle = Automatic;
						TestTargetID = 7B07C664206B304B00D7D036;
					};
				};
			};
			buildConfigurationList = 7B07C660206B304B00D7D036 /* Build configuration list for PBXProject "GitHubDemo" */;
			compatibilityVersion = "Xcode 8.0";
			developmentRegion = en;
			hasScannedForEncodings = 0;
			knownRegions = (
				en,
				Base,
			);
			mainGroup = 7B07C65C206B304B00D7D036;
			productRefGroup = 7B07C666206B304B00D7D036 /* Products */;
			projectDirPath = "";
			projectRoot = "";
			targets = (
				7B07C664206B304B00D7D036 /* GitHubDemo */,
				7B07C67C206B304B00D7D036 /* GitHubDemoTests */,
				7B07C687206B304B00D7D036 /* GitHubDemoUITests */,
			);
		};
/* End PBXProject section */

/* Begin PBXResourcesBuildPhase section */
		7B07C663206B304B00D7D036 /* Resources */ = {
			isa = PBXResourcesBuildPhase;
			buildActionMask = 2147483647;
			files = (
				7B1442CE2073800E0049B534 /* appFunction.plist in Resources */,
				7B07C675206B304B00D7D036 /* LaunchScreen.storyboard in Resources */,
				7B07C672206B304B00D7D036 /* Assets.xcassets in Resources */,
				7B07C670206B304B00D7D036 /* Main.storyboard in Resources */,
				7B55BF0920722F550033B797 /* LoginCellTableViewCell.xib in Resources */,
			);
			runOnlyForDeploymentPostprocessing = 0;
		};
		7B07C67B206B304B00D7D036 /* Resources */ = {
			isa = PBXResourcesBuildPhase;
			buildActionMask = 2147483647;
			files = (
			);
			runOnlyForDeploymentPostprocessing = 0;
		};
		7B07C686206B304B00D7D036 /* Resources */ = {
			isa = PBXResourcesBuildPhase;
			buildActionMask = 2147483647;
			files = (
			);
			runOnlyForDeploymentPostprocessing = 0;
		};
/* End PBXResourcesBuildPhase section */

/* Begin PBXShellScriptBuildPhase section */
		76BC7BF65930C282728B0892 /* [CP] Check Pods Manifest.lock */ = {
			isa = PBXShellScriptBuildPhase;
			buildActionMask = 2147483647;
			files = (
			);
			inputPaths = (
				"${PODS_PODFILE_DIR_PATH}/Podfile.lock",
				"${PODS_ROOT}/Manifest.lock",
			);
			name = "[CP] Check Pods Manifest.lock";
			outputPaths = (
				"$(DERIVED_FILE_DIR)/Pods-GitHubDemo-checkManifestLockResult.txt",
			);
			runOnlyForDeploymentPostprocessing = 0;
			shellPath = /bin/sh;
			shellScript = "diff \"${PODS_PODFILE_DIR_PATH}/Podfile.lock\" \"${PODS_ROOT}/Manifest.lock\" > /dev/null\nif [ $? != 0 ] ; then\n    # print error to STDERR\n    echo \"error: The sandbox is not in sync with the Podfile.lock. Run 'pod install' or update your CocoaPods installation.\" >&2\n    exit 1\nfi\n# This output is used by Xcode 'outputs' to avoid re-running this script phase.\necho \"SUCCESS\" > \"${SCRIPT_OUTPUT_FILE_0}\"\n";
			showEnvVarsInLog = 0;
		};
		DF2679F625F99EAA6C548AA2 /* [CP] Embed Pods Frameworks */ = {
			isa = PBXShellScriptBuildPhase;
			buildActionMask = 2147483647;
			files = (
			);
			inputPaths = (
			);
			name = "[CP] Embed Pods Frameworks";
			outputPaths = (
			);
			runOnlyForDeploymentPostprocessing = 0;
			shellPath = /bin/sh;
			shellScript = "\"${SRCROOT}/Pods/Target Support Files/Pods-GitHubDemo/Pods-GitHubDemo-frameworks.sh\"\n";
			showEnvVarsInLog = 0;
		};
		E4AFE5A2EE5B7F366969852E /* [CP] Copy Pods Resources */ = {
			isa = PBXShellScriptBuildPhase;
			buildActionMask = 2147483647;
			files = (
			);
			inputPaths = (
			);
			name = "[CP] Copy Pods Resources";
			outputPaths = (
			);
			runOnlyForDeploymentPostprocessing = 0;
			shellPath = /bin/sh;
			shellScript = "\"${SRCROOT}/Pods/Target Support Files/Pods-GitHubDemo/Pods-GitHubDemo-resources.sh\"\n";
			showEnvVarsInLog = 0;
		};
/* End PBXShellScriptBuildPhase section */

/* Begin PBXSourcesBuildPhase section */
		7B07C661206B304B00D7D036 /* Sources */ = {
			isa = PBXSourcesBuildPhase;
			buildActionMask = 2147483647;
			files = (
				7B07C66D206B304B00D7D036 /* ViewController.m in Sources */,
				7B07C6EE206B8C0700D7D036 /* GTMBase64.m in Sources */,
				7B55BEFE20722AD90033B797 /* LoginModel.m in Sources */,
				7B07C6E4206B891D00D7D036 /* CommonTool.m in Sources */,
				7B07C6EF206B8C0700D7D036 /* SecurityUtil.m in Sources */,
				7B07C678206B304B00D7D036 /* main.m in Sources */,
				7B55BF0820722F550033B797 /* LoginCellTableViewCell.m in Sources */,
				7B07C66A206B304B00D7D036 /* AppDelegate.m in Sources */,
				7B07C6F0206B8C0700D7D036 /* NSData+AES.m in Sources */,
				7B55BF0420722E590033B797 /* LoginViewController.m in Sources */,
				7B07C6E0206B7D5700D7D036 /* HttpManager.m in Sources */,
			);
			runOnlyForDeploymentPostprocessing = 0;
		};
		7B07C679206B304B00D7D036 /* Sources */ = {
			isa = PBXSourcesBuildPhase;
			buildActionMask = 2147483647;
			files = (
				7B07C682206B304B00D7D036 /* GitHubDemoTests.m in Sources */,
			);
			runOnlyForDeploymentPostprocessing = 0;
		};
		7B07C684206B304B00D7D036 /* Sources */ = {
			isa = PBXSourcesBuildPhase;
			buildActionMask = 2147483647;
			files = (
				7B07C68D206B304B00D7D036 /* GitHubDemoUITests.m in Sources */,
			);
			runOnlyForDeploymentPostprocessing = 0;
		};
/* End PBXSourcesBuildPhase section */

/* Begin PBXTargetDependency section */
		7B07C67F206B304B00D7D036 /* PBXTargetDependency */ = {
			isa = PBXTargetDependency;
			target = 7B07C664206B304B00D7D036 /* GitHubDemo */;
			targetProxy = 7B07C67E206B304B00D7D036 /* PBXContainerItemProxy */;
		};
		7B07C68A206B304B00D7D036 /* PBXTargetDependency */ = {
			isa = PBXTargetDependency;
			target = 7B07C664206B304B00D7D036 /* GitHubDemo */;
			targetProxy = 7B07C689206B304B00D7D036 /* PBXContainerItemProxy */;
		};
/* End PBXTargetDependency section */

/* Begin PBXVariantGroup section */
		7B07C66E206B304B00D7D036 /* Main.storyboard */ = {
			isa = PBXVariantGroup;
			children = (
				7B07C66F206B304B00D7D036 /* Base */,
			);
			name = Main.storyboard;
			sourceTree = "<group>";
		};
		7B07C673206B304B00D7D036 /* LaunchScreen.storyboard */ = {
			isa = PBXVariantGroup;
			children = (
				7B07C674206B304B00D7D036 /* Base */,
			);
			name = LaunchScreen.storyboard;
			sourceTree = "<group>";
		};
/* End PBXVariantGroup section */

/* Begin XCBuildConfiguration section */
		7B07C68F206B304B00D7D036 /* Debug */ = {
			isa = XCBuildConfiguration;
			buildSettings = {
				ALWAYS_SEARCH_USER_PATHS = NO;
				CLANG_ANALYZER_NONNULL = YES;
				CLANG_ANALYZER_NUMBER_OBJECT_CONVERSION = YES_AGGRESSIVE;
				CLANG_CXX_LANGUAGE_STANDARD = "gnu++14";
				CLANG_CXX_LIBRARY = "libc++";
				CLANG_ENABLE_MODULES = YES;
				CLANG_ENABLE_OBJC_ARC = YES;
				CLANG_WARN_BLOCK_CAPTURE_AUTORELEASING = YES;
				CLANG_WARN_BOOL_CONVERSION = YES;
				CLANG_WARN_COMMA = YES;
				CLANG_WARN_CONSTANT_CONVERSION = YES;
				CLANG_WARN_DIRECT_OBJC_ISA_USAGE = YES_ERROR;
				CLANG_WARN_DOCUMENTATION_COMMENTS = YES;
				CLANG_WARN_EMPTY_BODY = YES;
				CLANG_WARN_ENUM_CONVERSION = YES;
				CLANG_WARN_INFINITE_RECURSION = YES;
				CLANG_WARN_INT_CONVERSION = YES;
				CLANG_WARN_NON_LITERAL_NULL_CONVERSION = YES;
				CLANG_WARN_OBJC_LITERAL_CONVERSION = YES;
				CLANG_WARN_OBJC_ROOT_CLASS = YES_ERROR;
				CLANG_WARN_RANGE_LOOP_ANALYSIS = YES;
				CLANG_WARN_STRICT_PROTOTYPES = YES;
				CLANG_WARN_SUSPICIOUS_MOVE = YES;
				CLANG_WARN_UNGUARDED_AVAILABILITY = YES_AGGRESSIVE;
				CLANG_WARN_UNREACHABLE_CODE = YES;
				CLANG_WARN__DUPLICATE_METHOD_MATCH = YES;
				CODE_SIGN_IDENTITY = "iPhone Developer";
				COPY_PHASE_STRIP = NO;
				DEBUG_INFORMATION_FORMAT = dwarf;
				ENABLE_STRICT_OBJC_MSGSEND = YES;
				ENABLE_TESTABILITY = YES;
				GCC_C_LANGUAGE_STANDARD = gnu11;
				GCC_DYNAMIC_NO_PIC = NO;
				GCC_NO_COMMON_BLOCKS = YES;
				GCC_OPTIMIZATION_LEVEL = 0;
				GCC_PREPROCESSOR_DEFINITIONS = (
					"DEBUG=1",
					"$(inherited)",
				);
				GCC_WARN_64_TO_32_BIT_CONVERSION = YES;
				GCC_WARN_ABOUT_RETURN_TYPE = YES_ERROR;
				GCC_WARN_UNDECLARED_SELECTOR = YES;
				GCC_WARN_UNINITIALIZED_AUTOS = YES_AGGRESSIVE;
				GCC_WARN_UNUSED_FUNCTION = YES;
				GCC_WARN_UNUSED_VARIABLE = YES;
				IPHONEOS_DEPLOYMENT_TARGET = 11.2;
				MTL_ENABLE_DEBUG_INFO = YES;
				ONLY_ACTIVE_ARCH = YES;
				SDKROOT = iphoneos;
			};
			name = Debug;
		};
		7B07C690206B304B00D7D036 /* Release */ = {
			isa = XCBuildConfiguration;
			buildSettings = {
				ALWAYS_SEARCH_USER_PATHS = NO;
				CLANG_ANALYZER_NONNULL = YES;
				CLANG_ANALYZER_NUMBER_OBJECT_CONVERSION = YES_AGGRESSIVE;
				CLANG_CXX_LANGUAGE_STANDARD = "gnu++14";
				CLANG_CXX_LIBRARY = "libc++";
				CLANG_ENABLE_MODULES = YES;
				CLANG_ENABLE_OBJC_ARC = YES;
				CLANG_WARN_BLOCK_CAPTURE_AUTORELEASING = YES;
				CLANG_WARN_BOOL_CONVERSION = YES;
				CLANG_WARN_COMMA = YES;
				CLANG_WARN_CONSTANT_CONVERSION = YES;
				CLANG_WARN_DIRECT_OBJC_ISA_USAGE = YES_ERROR;
				CLANG_WARN_DOCUMENTATION_COMMENTS = YES;
				CLANG_WARN_EMPTY_BODY = YES;
				CLANG_WARN_ENUM_CONVERSION = YES;
				CLANG_WARN_INFINITE_RECURSION = YES;
				CLANG_WARN_INT_CONVERSION = YES;
				CLANG_WARN_NON_LITERAL_NULL_CONVERSION = YES;
				CLANG_WARN_OBJC_LITERAL_CONVERSION = YES;
				CLANG_WARN_OBJC_ROOT_CLASS = YES_ERROR;
				CLANG_WARN_RANGE_LOOP_ANALYSIS = YES;
				CLANG_WARN_STRICT_PROTOTYPES = YES;
				CLANG_WARN_SUSPICIOUS_MOVE = YES;
				CLANG_WARN_UNGUARDED_AVAILABILITY = YES_AGGRESSIVE;
				CLANG_WARN_UNREACHABLE_CODE = YES;
				CLANG_WARN__DUPLICATE_METHOD_MATCH = YES;
				CODE_SIGN_IDENTITY = "iPhone Developer";
				COPY_PHASE_STRIP = NO;
				DEBUG_INFORMATION_FORMAT = "dwarf-with-dsym";
				ENABLE_NS_ASSERTIONS = NO;
				ENABLE_STRICT_OBJC_MSGSEND = YES;
				GCC_C_LANGUAGE_STANDARD = gnu11;
				GCC_NO_COMMON_BLOCKS = YES;
				GCC_WARN_64_TO_32_BIT_CONVERSION = YES;
				GCC_WARN_ABOUT_RETURN_TYPE = YES_ERROR;
				GCC_WARN_UNDECLARED_SELECTOR = YES;
				GCC_WARN_UNINITIALIZED_AUTOS = YES_AGGRESSIVE;
				GCC_WARN_UNUSED_FUNCTION = YES;
				GCC_WARN_UNUSED_VARIABLE = YES;
				IPHONEOS_DEPLOYMENT_TARGET = 11.2;
				MTL_ENABLE_DEBUG_INFO = NO;
				SDKROOT = iphoneos;
				VALIDATE_PRODUCT = YES;
			};
			name = Release;
		};
		7B07C692206B304B00D7D036 /* Debug */ = {
			isa = XCBuildConfiguration;
			baseConfigurationReference = D99F296727C21F973281A88C /* Pods-GitHubDemo.debug.xcconfig */;
			buildSettings = {
				ASSETCATALOG_COMPILER_APPICON_NAME = AppIcon;
				CODE_SIGN_STYLE = Automatic;
				DEVELOPMENT_TEAM = 98298VBF9J;
				GCC_PREFIX_HEADER = /Users/zrq/Documents/GitHub/beautifulDay/GitHubDemo/searchAll.pch;
				INFOPLIST_FILE = GitHubDemo/Info.plist;
				LD_RUNPATH_SEARCH_PATHS = "$(inherited) @executable_path/Frameworks";
				PRODUCT_BUNDLE_IDENTIFIER = md.GitHubDemo;
				PRODUCT_NAME = "$(TARGET_NAME)";
				TARGETED_DEVICE_FAMILY = "1,2";
			};
			name = Debug;
		};
		7B07C693206B304B00D7D036 /* Release */ = {
			isa = XCBuildConfiguration;
			baseConfigurationReference = 46F4F7CD048DEDF69DB6064E /* Pods-GitHubDemo.release.xcconfig */;
			buildSettings = {
				ASSETCATALOG_COMPILER_APPICON_NAME = AppIcon;
				CODE_SIGN_STYLE = Automatic;
				DEVELOPMENT_TEAM = 98298VBF9J;
				GCC_PREFIX_HEADER = /Users/zrq/Documents/GitHub/beautifulDay/GitHubDemo/searchAll.pch;
				INFOPLIST_FILE = GitHubDemo/Info.plist;
				LD_RUNPATH_SEARCH_PATHS = "$(inherited) @executable_path/Frameworks";
				PRODUCT_BUNDLE_IDENTIFIER = md.GitHubDemo;
				PRODUCT_NAME = "$(TARGET_NAME)";
				TARGETED_DEVICE_FAMILY = "1,2";
			};
			name = Release;
		};
		7B07C695206B304B00D7D036 /* Debug */ = {
			isa = XCBuildConfiguration;
			buildSettings = {
				BUNDLE_LOADER = "$(TEST_HOST)";
				CODE_SIGN_STYLE = Automatic;
				DEVELOPMENT_TEAM = 98298VBF9J;
				INFOPLIST_FILE = GitHubDemoTests/Info.plist;
				LD_RUNPATH_SEARCH_PATHS = "$(inherited) @executable_path/Frameworks @loader_path/Frameworks";
				PRODUCT_BUNDLE_IDENTIFIER = md.GitHubDemoTests;
				PRODUCT_NAME = "$(TARGET_NAME)";
				TARGETED_DEVICE_FAMILY = "1,2";
				TEST_HOST = "$(BUILT_PRODUCTS_DIR)/GitHubDemo.app/GitHubDemo";
			};
			name = Debug;
		};
		7B07C696206B304B00D7D036 /* Release */ = {
			isa = XCBuildConfiguration;
			buildSettings = {
				BUNDLE_LOADER = "$(TEST_HOST)";
				CODE_SIGN_STYLE = Automatic;
				DEVELOPMENT_TEAM = 98298VBF9J;
				INFOPLIST_FILE = GitHubDemoTests/Info.plist;
				LD_RUNPATH_SEARCH_PATHS = "$(inherited) @executable_path/Frameworks @loader_path/Frameworks";
				PRODUCT_BUNDLE_IDENTIFIER = md.GitHubDemoTests;
				PRODUCT_NAME = "$(TARGET_NAME)";
				TARGETED_DEVICE_FAMILY = "1,2";
				TEST_HOST = "$(BUILT_PRODUCTS_DIR)/GitHubDemo.app/GitHubDemo";
			};
			name = Release;
		};
		7B07C698206B304B00D7D036 /* Debug */ = {
			isa = XCBuildConfiguration;
			buildSettings = {
				CODE_SIGN_STYLE = Automatic;
				DEVELOPMENT_TEAM = 98298VBF9J;
				INFOPLIST_FILE = GitHubDemoUITests/Info.plist;
				LD_RUNPATH_SEARCH_PATHS = "$(inherited) @executable_path/Frameworks @loader_path/Frameworks";
				PRODUCT_BUNDLE_IDENTIFIER = md.GitHubDemoUITests;
				PRODUCT_NAME = "$(TARGET_NAME)";
				TARGETED_DEVICE_FAMILY = "1,2";
				TEST_TARGET_NAME = GitHubDemo;
			};
			name = Debug;
		};
		7B07C699206B304B00D7D036 /* Release */ = {
			isa = XCBuildConfiguration;
			buildSettings = {
				CODE_SIGN_STYLE = Automatic;
				DEVELOPMENT_TEAM = 98298VBF9J;
				INFOPLIST_FILE = GitHubDemoUITests/Info.plist;
				LD_RUNPATH_SEARCH_PATHS = "$(inherited) @executable_path/Frameworks @loader_path/Frameworks";
				PRODUCT_BUNDLE_IDENTIFIER = md.GitHubDemoUITests;
				PRODUCT_NAME = "$(TARGET_NAME)";
				TARGETED_DEVICE_FAMILY = "1,2";
				TEST_TARGET_NAME = GitHubDemo;
			};
			name = Release;
		};
/* End XCBuildConfiguration section */

/* Begin XCConfigurationList section */
		7B07C660206B304B00D7D036 /* Build configuration list for PBXProject "GitHubDemo" */ = {
			isa = XCConfigurationList;
			buildConfigurations = (
				7B07C68F206B304B00D7D036 /* Debug */,
				7B07C690206B304B00D7D036 /* Release */,
			);
			defaultConfigurationIsVisible = 0;
			defaultConfigurationName = Release;
		};
		7B07C691206B304B00D7D036 /* Build configuration list for PBXNativeTarget "GitHubDemo" */ = {
			isa = XCConfigurationList;
			buildConfigurations = (
				7B07C692206B304B00D7D036 /* Debug */,
				7B07C693206B304B00D7D036 /* Release */,
			);
			defaultConfigurationIsVisible = 0;
			defaultConfigurationName = Release;
		};
		7B07C694206B304B00D7D036 /* Build configuration list for PBXNativeTarget "GitHubDemoTests" */ = {
			isa = XCConfigurationList;
			buildConfigurations = (
				7B07C695206B304B00D7D036 /* Debug */,
				7B07C696206B304B00D7D036 /* Release */,
			);
			defaultConfigurationIsVisible = 0;
			defaultConfigurationName = Release;
		};
		7B07C697206B304B00D7D036 /* Build configuration list for PBXNativeTarget "GitHubDemoUITests" */ = {
			isa = XCConfigurationList;
			buildConfigurations = (
				7B07C698206B304B00D7D036 /* Debug */,
				7B07C699206B304B00D7D036 /* Release */,
			);
			defaultConfigurationIsVisible = 0;
			defaultConfigurationName = Release;
		};
/* End XCConfigurationList section */
	};
	rootObject = 7B07C65D206B304B00D7D036 /* Project object */;
}
